
Microsoft Visual Studio Solution File, Format Version 12.00
# Visual Studio Version 17
VisualStudioVersion = 17.9.34723.18
MinimumVisualStudioVersion = 10.0.40219.1
Project("{FAE04EC0-301F-11D3-BF4B-00C04F79EFBC}") = "MoneyClass", "MoneyClass\MoneyClass.csproj", "{4D39758B-42D7-415C-A1C0-4A8E6E20476A}"
EndProject
Project("{FAE04EC0-301F-11D3-BF4B-00C04F79EFBC}") = "MoneyClass.Test", "MoneyClass.Test\MoneyClass.Test.csproj", "{7B2CF394-93C7-4E6B-9C30-E80EB6BFC0FA}"
EndProject
Project("{FAE04EC0-301F-11D3-BF4B-00C04F79EFBC}") = "MoneyApp", "MoneyApp\MoneyApp.csproj", "{3AC8D5A1-5363-4DFD-AAA5-8B28D7D0178D}"
EndProject
Global
	GlobalSection(SolutionConfigurationPlatforms) = preSolution
		Debug|Any CPU = Debug|Any CPU
		Release|Any CPU = Release|Any CPU
	EndGlobalSection
	GlobalSection(ProjectConfigurationPlatforms) = postSolution
		{4D39758B-42D7-415C-A1C0-4A8E6E20476A}.Debug|Any CPU.ActiveCfg = Debug|Any CPU
		{4D39758B-42D7-415C-A1C0-4A8E6E20476A}.Debug|Any CPU.Build.0 = Debug|Any CPU
		{4D39758B-42D7-415C-A1C0-4A8E6E20476A}.Release|Any CPU.ActiveCfg = Release|Any CPU
		{4D39758B-42D7-415C-A1C0-4A8E6E20476A}.Release|Any CPU.Build.0 = Release|Any CPU
		{7B2CF394-93C7-4E6B-9C30-E80EB6BFC0FA}.Debug|Any CPU.ActiveCfg = Debug|Any CPU
		{7B2CF394-93C7-4E6B-9C30-E80EB6BFC0FA}.Debug|Any CPU.Build.0 = Debug|Any CPU
		{7B2CF394-93C7-4E6B-9C30-E80EB6BFC0FA}.Release|Any CPU.ActiveCfg = Release|Any CPU
		{7B2CF394-93C7-4E6B-9C30-E80EB6BFC0FA}.Release|Any CPU.Build.0 = Release|Any CPU
		{3AC8D5A1-5363-4DFD-AAA5-8B28D7D0178D}.Debug|Any CPU.ActiveCfg = Debug|Any CPU
		{3AC8D5A1-5363-4DFD-AAA5-8B28D7D0178D}.Debug|Any CPU.Build.0 = Debug|Any CPU
		{3AC8D5A1-5363-4DFD-AAA5-8B28D7D0178D}.Release|Any CPU.ActiveCfg = Release|Any CPU
		{3AC8D5A1-5363-4DFD-AAA5-8B28D7D0178D}.Release|Any CPU.Build.0 = Release|Any CPU
	EndGlobalSection
	GlobalSection(SolutionProperties) = preSolution
		HideSolutionNode = FALSE
	EndGlobalSection
	GlobalSection(ExtensibilityGlobals) = postSolution
		SolutionGuid = {6B8C0389-8AF4-4B2E-994E-0472DD2DA1CE}
	EndGlobalSection
EndGlobal
